
Microsoft Visual Studio Solution File, Format Version 12.00
# Visual Studio Version 17
VisualStudioVersion = 17.9.34622.214
MinimumVisualStudioVersion = 10.0.40219.1
Project("{2150E333-8FDC-42A3-9474-1A3956D46DE8}") = "Domain", "Domain", "{B53177AB-61DA-4F5D-8895-4A9C7CC7DCCD}"
EndProject
Project("{2150E333-8FDC-42A3-9474-1A3956D46DE8}") = "Infrastructure", "Infrastructure", "{AE7E6DE0-7816-4BE2-83D4-8B8E80D3E5C0}"
EndProject
Project("{2150E333-8FDC-42A3-9474-1A3956D46DE8}") = "src", "src", "{98AB34A4-D985-41AA-9925-BD0F280F6D37}"
EndProject
Project("{2150E333-8FDC-42A3-9474-1A3956D46DE8}") = "Application", "Application", "{86F2A3AF-7B6F-4D3F-98C4-B9D609C28A6F}"
EndProject
Project("{2150E333-8FDC-42A3-9474-1A3956D46DE8}") = "Presentation", "Presentation", "{12B2BC7F-612C-4D6C-8D04-BDC762C04638}"
EndProject
Project("{9A19103F-16F7-4668-BE54-9A1E7A4F7556}") = "Domain", "Domain\Domain.csproj", "{C2DDDB4D-93C3-4CC5-AC19-CF551B6942C6}"
EndProject
Project("{9A19103F-16F7-4668-BE54-9A1E7A4F7556}") = "Application", "Application\Application.csproj", "{A3E14EED-0E5B-4EDE-9CD6-F8F74B942877}"
EndProject
Project("{9A19103F-16F7-4668-BE54-9A1E7A4F7556}") = "Infrastructure", "Infrastructure\Infrastructure.csproj", "{6202073B-A894-48C2-8962-9A4647A13456}"
EndProject
Project("{9A19103F-16F7-4668-BE54-9A1E7A4F7556}") = "API", "API\API.csproj", "{61DF7BB4-4AF7-412B-8427-69ABDC580DF3}"
EndProject
Project("{2150E333-8FDC-42A3-9474-1A3956D46DE8}") = "Common", "Common", "{7CF2594E-4713-4D17-9C3D-F1C98B293674}"
EndProject
Project("{9A19103F-16F7-4668-BE54-9A1E7A4F7556}") = "Client", "Client\Client.csproj", "{D250596D-3F3B-4B6A-B969-3DC753E5A6C5}"
EndProject
Project("{9A19103F-16F7-4668-BE54-9A1E7A4F7556}") = "Shared", "Shared\Shared.csproj", "{D8B28138-894C-44D7-8921-72D90E4F77B3}"
EndProject
Project("{2150E333-8FDC-42A3-9474-1A3956D46DE8}") = "Solution Items", "Solution Items", "{94154F2E-F002-4E7F-8479-EF17E3E85719}"
	ProjectSection(SolutionItems) = preProject
		.editorconfig = .editorconfig
	EndProjectSection
EndProject
Global
	GlobalSection(SolutionConfigurationPlatforms) = preSolution
		Debug|Any CPU = Debug|Any CPU
		Release|Any CPU = Release|Any CPU
	EndGlobalSection
	GlobalSection(ProjectConfigurationPlatforms) = postSolution
		{C2DDDB4D-93C3-4CC5-AC19-CF551B6942C6}.Debug|Any CPU.ActiveCfg = Debug|Any CPU
		{C2DDDB4D-93C3-4CC5-AC19-CF551B6942C6}.Debug|Any CPU.Build.0 = Debug|Any CPU
		{C2DDDB4D-93C3-4CC5-AC19-CF551B6942C6}.Release|Any CPU.ActiveCfg = Release|Any CPU
		{C2DDDB4D-93C3-4CC5-AC19-CF551B6942C6}.Release|Any CPU.Build.0 = Release|Any CPU
		{A3E14EED-0E5B-4EDE-9CD6-F8F74B942877}.Debug|Any CPU.ActiveCfg = Debug|Any CPU
		{A3E14EED-0E5B-4EDE-9CD6-F8F74B942877}.Debug|Any CPU.Build.0 = Debug|Any CPU
		{A3E14EED-0E5B-4EDE-9CD6-F8F74B942877}.Release|Any CPU.ActiveCfg = Release|Any CPU
		{A3E14EED-0E5B-4EDE-9CD6-F8F74B942877}.Release|Any CPU.Build.0 = Release|Any CPU
		{6202073B-A894-48C2-8962-9A4647A13456}.Debug|Any CPU.ActiveCfg = Debug|Any CPU
		{6202073B-A894-48C2-8962-9A4647A13456}.Debug|Any CPU.Build.0 = Debug|Any CPU
		{6202073B-A894-48C2-8962-9A4647A13456}.Release|Any CPU.ActiveCfg = Release|Any CPU
		{6202073B-A894-48C2-8962-9A4647A13456}.Release|Any CPU.Build.0 = Release|Any CPU
		{61DF7BB4-4AF7-412B-8427-69ABDC580DF3}.Debug|Any CPU.ActiveCfg = Debug|Any CPU
		{61DF7BB4-4AF7-412B-8427-69ABDC580DF3}.Debug|Any CPU.Build.0 = Debug|Any CPU
		{61DF7BB4-4AF7-412B-8427-69ABDC580DF3}.Release|Any CPU.ActiveCfg = Release|Any CPU
		{61DF7BB4-4AF7-412B-8427-69ABDC580DF3}.Release|Any CPU.Build.0 = Release|Any CPU
		{D250596D-3F3B-4B6A-B969-3DC753E5A6C5}.Debug|Any CPU.ActiveCfg = Debug|Any CPU
		{D250596D-3F3B-4B6A-B969-3DC753E5A6C5}.Release|Any CPU.ActiveCfg = Release|Any CPU
		{D250596D-3F3B-4B6A-B969-3DC753E5A6C5}.Release|Any CPU.Build.0 = Release|Any CPU
		{D8B28138-894C-44D7-8921-72D90E4F77B3}.Debug|Any CPU.ActiveCfg = Debug|Any CPU
		{D8B28138-894C-44D7-8921-72D90E4F77B3}.Debug|Any CPU.Build.0 = Debug|Any CPU
		{D8B28138-894C-44D7-8921-72D90E4F77B3}.Release|Any CPU.ActiveCfg = Release|Any CPU
		{D8B28138-894C-44D7-8921-72D90E4F77B3}.Release|Any CPU.Build.0 = Release|Any CPU
	EndGlobalSection
	GlobalSection(SolutionProperties) = preSolution
		HideSolutionNode = FALSE
	EndGlobalSection
	GlobalSection(NestedProjects) = preSolution
		{B53177AB-61DA-4F5D-8895-4A9C7CC7DCCD} = {98AB34A4-D985-41AA-9925-BD0F280F6D37}
		{AE7E6DE0-7816-4BE2-83D4-8B8E80D3E5C0} = {98AB34A4-D985-41AA-9925-BD0F280F6D37}
		{86F2A3AF-7B6F-4D3F-98C4-B9D609C28A6F} = {98AB34A4-D985-41AA-9925-BD0F280F6D37}
		{12B2BC7F-612C-4D6C-8D04-BDC762C04638} = {98AB34A4-D985-41AA-9925-BD0F280F6D37}
		{C2DDDB4D-93C3-4CC5-AC19-CF551B6942C6} = {B53177AB-61DA-4F5D-8895-4A9C7CC7DCCD}
		{A3E14EED-0E5B-4EDE-9CD6-F8F74B942877} = {86F2A3AF-7B6F-4D3F-98C4-B9D609C28A6F}
		{6202073B-A894-48C2-8962-9A4647A13456} = {AE7E6DE0-7816-4BE2-83D4-8B8E80D3E5C0}
		{61DF7BB4-4AF7-412B-8427-69ABDC580DF3} = {12B2BC7F-612C-4D6C-8D04-BDC762C04638}
		{7CF2594E-4713-4D17-9C3D-F1C98B293674} = {98AB34A4-D985-41AA-9925-BD0F280F6D37}
		{D250596D-3F3B-4B6A-B969-3DC753E5A6C5} = {12B2BC7F-612C-4D6C-8D04-BDC762C04638}
		{D8B28138-894C-44D7-8921-72D90E4F77B3} = {7CF2594E-4713-4D17-9C3D-F1C98B293674}
	EndGlobalSection
	GlobalSection(ExtensibilityGlobals) = postSolution
		SolutionGuid = {A0560966-DBA7-450A-BEEE-78B55EE1A48D}
	EndGlobalSection
EndGlobal
